
Microsoft Visual Studio Solution File, Format Version 12.00
# Visual Studio Version 17
VisualStudioVersion = 17.0.31903.59
MinimumVisualStudioVersion = 10.0.40219.1
Project("{2150E333-8FDC-42A3-9474-1A3956D46DE8}") = "src", "src", "{0FC2DCFB-B735-4722-BE6C-AB51EA942471}"
EndProject
Project("{FAE04EC0-301F-11D3-BF4B-00C04F79EFBC}") = "RTSec.Kryptonian.Domain", "src\RTSec.Kryptonian.Domain\RTSec.Kryptonian.Domain.csproj", "{D57E7D67-D468-4200-94E8-FAD993B52929}"
EndProject
Project("{FAE04EC0-301F-11D3-BF4B-00C04F79EFBC}") = "RTSec.Kryptonian.Application", "src\RTSec.Kryptonian.Application\RTSec.Kryptonian.Application.csproj", "{98C5B189-51F9-420F-B176-D7467F6ACDE9}"
EndProject
Project("{FAE04EC0-301F-11D3-BF4B-00C04F79EFBC}") = "RTSec.Kryptonian.Infrastructure", "src\RTSec.Kryptonian.Infrastructure\RTSec.Kryptonian.Infrastructure.csproj", "{3237F655-E35E-4D48-B658-6C5E4A020C3D}"
EndProject
Project("{FAE04EC0-301F-11D3-BF4B-00C04F79EFBC}") = "RTSec.Kryptonian.Api", "src\RTSec.Kryptonian.Api\RTSec.Kryptonian.Api.csproj", "{4C8645E8-C3DD-4980-95E5-061C44171643}"
EndProject
Project("{FAE04EC0-301F-11D3-BF4B-00C04F79EFBC}") = "RTSec.Kryptonian.Shared", "src\RTSec.Kryptonian.Shared\RTSec.Kryptonian.Shared.csproj", "{B713D5E9-6469-4039-8725-689F0614C6EF}"
EndProject
Project("{2150E333-8FDC-42A3-9474-1A3956D46DE8}") = "tests", "tests", "{ED96308E-DEF4-4EAC-9912-C5FA1CE88F81}"
EndProject
Project("{FAE04EC0-301F-11D3-BF4B-00C04F79EFBC}") = "RTSec.Kryptonian.Domain.Tests", "tests\RTSec.Kryptonian.Domain.Tests\RTSec.Kryptonian.Domain.Tests.csproj", "{32245E5D-2356-42C8-8284-54501AD4ADC7}"
EndProject
Project("{FAE04EC0-301F-11D3-BF4B-00C04F79EFBC}") = "RTSec.Kryptonian.Application.Tests", "tests\RTSec.Kryptonian.Application.Tests\RTSec.Kryptonian.Application.Tests.csproj", "{904990D7-A3F8-4A18-8814-9A1FDAA4A8E0}"
EndProject
Project("{FAE04EC0-301F-11D3-BF4B-00C04F79EFBC}") = "RTSec.Kryptonian.Infrastructure.Tests", "tests\RTSec.Kryptonian.Infrastructure.Tests\RTSec.Kryptonian.Infrastructure.Tests.csproj", "{FD7470D8-059E-4933-8F8D-A94ED829FC7D}"
EndProject
Project("{FAE04EC0-301F-11D3-BF4B-00C04F79EFBC}") = "RTSec.Kryptonian.Api.Tests", "tests\RTSec.Kryptonian.Api.Tests\RTSec.Kryptonian.Api.Tests.csproj", "{158513F1-1A1E-460D-A973-2FBE2294FF80}"
EndProject
Project("{FAE04EC0-301F-11D3-BF4B-00C04F79EFBC}") = "RTSec.Kryptonian.Web", "src\RTSec.Kryptonian.Web\RTSec.Kryptonian.Web.csproj", "{2C5B0312-9861-4524-AF9F-B9FDAAB5DE35}"
EndProject
Project("{FAE04EC0-301F-11D3-BF4B-00C04F79EFBC}") = "RTSec.Kryptonian.CaHarness", "src\RTSec.Kryptonian.CaHarness\RTSec.Kryptonian.CaHarness.csproj", "{B580FB2D-C86D-4983-B768-67F780AB4A69}"
EndProject
Project("{FAE04EC0-301F-11D3-BF4B-00C04F79EFBC}") = "RTSec.Kryptonian.CaHarness.Tests", "tests\RTSec.Kryptonian.CaHarness.Tests\RTSec.Kryptonian.CaHarness.Tests.csproj", "{4989A818-4DB6-454C-9C61-A2D14A44502D}"
EndProject
Project("{FAE04EC0-301F-11D3-BF4B-00C04F79EFBC}") = "RTSec.Kryptonian.Bridge", "src\RTSec.Kryptonian.Bridge\RTSec.Kryptonian.Bridge.csproj", "{C7BE000B-2CB0-409E-BF92-FBB86DFEA1DB}"
EndProject
Project("{FAE04EC0-301F-11D3-BF4B-00C04F79EFBC}") = "RTSec.Kryptonian.Bridge.Tests", "tests\RTSec.Kryptonian.Bridge.Tests\RTSec.Kryptonian.Bridge.Tests.csproj", "{2F9EB557-D9BD-45CB-A1EE-FAA005842340}"
EndProject
Project("{FAE04EC0-301F-11D3-BF4B-00C04F79EFBC}") = "RTSec.Kryptonian.DeviceClient", "src\RTSec.Kryptonian.DeviceClient\RTSec.Kryptonian.DeviceClient.csproj", "{CCBBFBD5-A61D-40BE-972A-70D8295DC332}"
EndProject
Global
	GlobalSection(SolutionConfigurationPlatforms) = preSolution
		Debug|Any CPU = Debug|Any CPU
		Debug|x64 = Debug|x64
		Debug|x86 = Debug|x86
		Release|Any CPU = Release|Any CPU
		Release|x64 = Release|x64
		Release|x86 = Release|x86
	EndGlobalSection
	GlobalSection(ProjectConfigurationPlatforms) = postSolution
		{D57E7D67-D468-4200-94E8-FAD993B52929}.Debug|Any CPU.ActiveCfg = Debug|Any CPU
		{D57E7D67-D468-4200-94E8-FAD993B52929}.Debug|Any CPU.Build.0 = Debug|Any CPU
		{D57E7D67-D468-4200-94E8-FAD993B52929}.Debug|x64.ActiveCfg = Debug|Any CPU
		{D57E7D67-D468-4200-94E8-FAD993B52929}.Debug|x64.Build.0 = Debug|Any CPU
		{D57E7D67-D468-4200-94E8-FAD993B52929}.Debug|x86.ActiveCfg = Debug|Any CPU
		{D57E7D67-D468-4200-94E8-FAD993B52929}.Debug|x86.Build.0 = Debug|Any CPU
		{D57E7D67-D468-4200-94E8-FAD993B52929}.Release|Any CPU.ActiveCfg = Release|Any CPU
		{D57E7D67-D468-4200-94E8-FAD993B52929}.Release|Any CPU.Build.0 = Release|Any CPU
		{D57E7D67-D468-4200-94E8-FAD993B52929}.Release|x64.ActiveCfg = Release|Any CPU
		{D57E7D67-D468-4200-94E8-FAD993B52929}.Release|x64.Build.0 = Release|Any CPU
		{D57E7D67-D468-4200-94E8-FAD993B52929}.Release|x86.ActiveCfg = Release|Any CPU
		{D57E7D67-D468-4200-94E8-FAD993B52929}.Release|x86.Build.0 = Release|Any CPU
		{98C5B189-51F9-420F-B176-D7467F6ACDE9}.Debug|Any CPU.ActiveCfg = Debug|Any CPU
		{98C5B189-51F9-420F-B176-D7467F6ACDE9}.Debug|Any CPU.Build.0 = Debug|Any CPU
		{98C5B189-51F9-420F-B176-D7467F6ACDE9}.Debug|x64.ActiveCfg = Debug|Any CPU
		{98C5B189-51F9-420F-B176-D7467F6ACDE9}.Debug|x64.Build.0 = Debug|Any CPU
		{98C5B189-51F9-420F-B176-D7467F6ACDE9}.Debug|x86.ActiveCfg = Debug|Any CPU
		{98C5B189-51F9-420F-B176-D7467F6ACDE9}.Debug|x86.Build.0 = Debug|Any CPU
		{98C5B189-51F9-420F-B176-D7467F6ACDE9}.Release|Any CPU.ActiveCfg = Release|Any CPU
		{98C5B189-51F9-420F-B176-D7467F6ACDE9}.Release|Any CPU.Build.0 = Release|Any CPU
		{98C5B189-51F9-420F-B176-D7467F6ACDE9}.Release|x64.ActiveCfg = Release|Any CPU
		{98C5B189-51F9-420F-B176-D7467F6ACDE9}.Release|x64.Build.0 = Release|Any CPU
		{98C5B189-51F9-420F-B176-D7467F6ACDE9}.Release|x86.ActiveCfg = Release|Any CPU
		{98C5B189-51F9-420F-B176-D7467F6ACDE9}.Release|x86.Build.0 = Release|Any CPU
		{3237F655-E35E-4D48-B658-6C5E4A020C3D}.Debug|Any CPU.ActiveCfg = Debug|Any CPU
		{3237F655-E35E-4D48-B658-6C5E4A020C3D}.Debug|Any CPU.Build.0 = Debug|Any CPU
		{3237F655-E35E-4D48-B658-6C5E4A020C3D}.Debug|x64.ActiveCfg = Debug|Any CPU
		{3237F655-E35E-4D48-B658-6C5E4A020C3D}.Debug|x64.Build.0 = Debug|Any CPU
		{3237F655-E35E-4D48-B658-6C5E4A020C3D}.Debug|x86.ActiveCfg = Debug|Any CPU
		{3237F655-E35E-4D48-B658-6C5E4A020C3D}.Debug|x86.Build.0 = Debug|Any CPU
		{3237F655-E35E-4D48-B658-6C5E4A020C3D}.Release|Any CPU.ActiveCfg = Release|Any CPU
		{3237F655-E35E-4D48-B658-6C5E4A020C3D}.Release|Any CPU.Build.0 = Release|Any CPU
		{3237F655-E35E-4D48-B658-6C5E4A020C3D}.Release|x64.ActiveCfg = Release|Any CPU
		{3237F655-E35E-4D48-B658-6C5E4A020C3D}.Release|x64.Build.0 = Release|Any CPU
		{3237F655-E35E-4D48-B658-6C5E4A020C3D}.Release|x86.ActiveCfg = Release|Any CPU
		{3237F655-E35E-4D48-B658-6C5E4A020C3D}.Release|x86.Build.0 = Release|Any CPU
		{4C8645E8-C3DD-4980-95E5-061C44171643}.Debug|Any CPU.ActiveCfg = Debug|Any CPU
		{4C8645E8-C3DD-4980-95E5-061C44171643}.Debug|Any CPU.Build.0 = Debug|Any CPU
		{4C8645E8-C3DD-4980-95E5-061C44171643}.Debug|x64.ActiveCfg = Debug|Any CPU
		{4C8645E8-C3DD-4980-95E5-061C44171643}.Debug|x64.Build.0 = Debug|Any CPU
		{4C8645E8-C3DD-4980-95E5-061C44171643}.Debug|x86.ActiveCfg = Debug|Any CPU
		{4C8645E8-C3DD-4980-95E5-061C44171643}.Debug|x86.Build.0 = Debug|Any CPU
		{4C8645E8-C3DD-4980-95E5-061C44171643}.Release|Any CPU.ActiveCfg = Release|Any CPU
		{4C8645E8-C3DD-4980-95E5-061C44171643}.Release|Any CPU.Build.0 = Release|Any CPU
		{4C8645E8-C3DD-4980-95E5-061C44171643}.Release|x64.ActiveCfg = Release|Any CPU
		{4C8645E8-C3DD-4980-95E5-061C44171643}.Release|x64.Build.0 = Release|Any CPU
		{4C8645E8-C3DD-4980-95E5-061C44171643}.Release|x86.ActiveCfg = Release|Any CPU
		{4C8645E8-C3DD-4980-95E5-061C44171643}.Release|x86.Build.0 = Release|Any CPU
		{B713D5E9-6469-4039-8725-689F0614C6EF}.Debug|Any CPU.ActiveCfg = Debug|Any CPU
		{B713D5E9-6469-4039-8725-689F0614C6EF}.Debug|Any CPU.Build.0 = Debug|Any CPU
		{B713D5E9-6469-4039-8725-689F0614C6EF}.Debug|x64.ActiveCfg = Debug|Any CPU
		{B713D5E9-6469-4039-8725-689F0614C6EF}.Debug|x64.Build.0 = Debug|Any CPU
		{B713D5E9-6469-4039-8725-689F0614C6EF}.Debug|x86.ActiveCfg = Debug|Any CPU
		{B713D5E9-6469-4039-8725-689F0614C6EF}.Debug|x86.Build.0 = Debug|Any CPU
		{B713D5E9-6469-4039-8725-689F0614C6EF}.Release|Any CPU.ActiveCfg = Release|Any CPU
		{B713D5E9-6469-4039-8725-689F0614C6EF}.Release|Any CPU.Build.0 = Release|Any CPU
		{B713D5E9-6469-4039-8725-689F0614C6EF}.Release|x64.ActiveCfg = Release|Any CPU
		{B713D5E9-6469-4039-8725-689F0614C6EF}.Release|x64.Build.0 = Release|Any CPU
		{B713D5E9-6469-4039-8725-689F0614C6EF}.Release|x86.ActiveCfg = Release|Any CPU
		{B713D5E9-6469-4039-8725-689F0614C6EF}.Release|x86.Build.0 = Release|Any CPU
		{32245E5D-2356-42C8-8284-54501AD4ADC7}.Debug|Any CPU.ActiveCfg = Debug|Any CPU
		{32245E5D-2356-42C8-8284-54501AD4ADC7}.Debug|Any CPU.Build.0 = Debug|Any CPU
		{32245E5D-2356-42C8-8284-54501AD4ADC7}.Debug|x64.ActiveCfg = Debug|Any CPU
		{32245E5D-2356-42C8-8284-54501AD4ADC7}.Debug|x64.Build.0 = Debug|Any CPU
		{32245E5D-2356-42C8-8284-54501AD4ADC7}.Debug|x86.ActiveCfg = Debug|Any CPU
		{32245E5D-2356-42C8-8284-54501AD4ADC7}.Debug|x86.Build.0 = Debug|Any CPU
		{32245E5D-2356-42C8-8284-54501AD4ADC7}.Release|Any CPU.ActiveCfg = Release|Any CPU
		{32245E5D-2356-42C8-8284-54501AD4ADC7}.Release|Any CPU.Build.0 = Release|Any CPU
		{32245E5D-2356-42C8-8284-54501AD4ADC7}.Release|x64.ActiveCfg = Release|Any CPU
		{32245E5D-2356-42C8-8284-54501AD4ADC7}.Release|x64.Build.0 = Release|Any CPU
		{32245E5D-2356-42C8-8284-54501AD4ADC7}.Release|x86.ActiveCfg = Release|Any CPU
		{32245E5D-2356-42C8-8284-54501AD4ADC7}.Release|x86.Build.0 = Release|Any CPU
		{904990D7-A3F8-4A18-8814-9A1FDAA4A8E0}.Debug|Any CPU.ActiveCfg = Debug|Any CPU
		{904990D7-A3F8-4A18-8814-9A1FDAA4A8E0}.Debug|Any CPU.Build.0 = Debug|Any CPU
		{904990D7-A3F8-4A18-8814-9A1FDAA4A8E0}.Debug|x64.ActiveCfg = Debug|Any CPU
		{904990D7-A3F8-4A18-8814-9A1FDAA4A8E0}.Debug|x64.Build.0 = Debug|Any CPU
		{904990D7-A3F8-4A18-8814-9A1FDAA4A8E0}.Debug|x86.ActiveCfg = Debug|Any CPU
		{904990D7-A3F8-4A18-8814-9A1FDAA4A8E0}.Debug|x86.Build.0 = Debug|Any CPU
		{904990D7-A3F8-4A18-8814-9A1FDAA4A8E0}.Release|Any CPU.ActiveCfg = Release|Any CPU
		{904990D7-A3F8-4A18-8814-9A1FDAA4A8E0}.Release|Any CPU.Build.0 = Release|Any CPU
		{904990D7-A3F8-4A18-8814-9A1FDAA4A8E0}.Release|x64.ActiveCfg = Release|Any CPU
		{904990D7-A3F8-4A18-8814-9A1FDAA4A8E0}.Release|x64.Build.0 = Release|Any CPU
		{904990D7-A3F8-4A18-8814-9A1FDAA4A8E0}.Release|x86.ActiveCfg = Release|Any CPU
		{904990D7-A3F8-4A18-8814-9A1FDAA4A8E0}.Release|x86.Build.0 = Release|Any CPU
		{FD7470D8-059E-4933-8F8D-A94ED829FC7D}.Debug|Any CPU.ActiveCfg = Debug|Any CPU
		{FD7470D8-059E-4933-8F8D-A94ED829FC7D}.Debug|Any CPU.Build.0 = Debug|Any CPU
		{FD7470D8-059E-4933-8F8D-A94ED829FC7D}.Debug|x64.ActiveCfg = Debug|Any CPU
		{FD7470D8-059E-4933-8F8D-A94ED829FC7D}.Debug|x64.Build.0 = Debug|Any CPU
		{FD7470D8-059E-4933-8F8D-A94ED829FC7D}.Debug|x86.ActiveCfg = Debug|Any CPU
		{FD7470D8-059E-4933-8F8D-A94ED829FC7D}.Debug|x86.Build.0 = Debug|Any CPU
		{FD7470D8-059E-4933-8F8D-A94ED829FC7D}.Release|Any CPU.ActiveCfg = Release|Any CPU
		{FD7470D8-059E-4933-8F8D-A94ED829FC7D}.Release|Any CPU.Build.0 = Release|Any CPU
		{FD7470D8-059E-4933-8F8D-A94ED829FC7D}.Release|x64.ActiveCfg = Release|Any CPU
		{FD7470D8-059E-4933-8F8D-A94ED829FC7D}.Release|x64.Build.0 = Release|Any CPU
		{FD7470D8-059E-4933-8F8D-A94ED829FC7D}.Release|x86.ActiveCfg = Release|Any CPU
		{FD7470D8-059E-4933-8F8D-A94ED829FC7D}.Release|x86.Build.0 = Release|Any CPU
		{158513F1-1A1E-460D-A973-2FBE2294FF80}.Debug|Any CPU.ActiveCfg = Debug|Any CPU
		{158513F1-1A1E-460D-A973-2FBE2294FF80}.Debug|Any CPU.Build.0 = Debug|Any CPU
		{158513F1-1A1E-460D-A973-2FBE2294FF80}.Debug|x64.ActiveCfg = Debug|Any CPU
		{158513F1-1A1E-460D-A973-2FBE2294FF80}.Debug|x64.Build.0 = Debug|Any CPU
		{158513F1-1A1E-460D-A973-2FBE2294FF80}.Debug|x86.ActiveCfg = Debug|Any CPU
		{158513F1-1A1E-460D-A973-2FBE2294FF80}.Debug|x86.Build.0 = Debug|Any CPU
		{158513F1-1A1E-460D-A973-2FBE2294FF80}.Release|Any CPU.ActiveCfg = Release|Any CPU
		{158513F1-1A1E-460D-A973-2FBE2294FF80}.Release|Any CPU.Build.0 = Release|Any CPU
		{158513F1-1A1E-460D-A973-2FBE2294FF80}.Release|x64.ActiveCfg = Release|Any CPU
		{158513F1-1A1E-460D-A973-2FBE2294FF80}.Release|x64.Build.0 = Release|Any CPU
		{158513F1-1A1E-460D-A973-2FBE2294FF80}.Release|x86.ActiveCfg = Release|Any CPU
		{158513F1-1A1E-460D-A973-2FBE2294FF80}.Release|x86.Build.0 = Release|Any CPU
		{2C5B0312-9861-4524-AF9F-B9FDAAB5DE35}.Debug|Any CPU.ActiveCfg = Debug|Any CPU
		{2C5B0312-9861-4524-AF9F-B9FDAAB5DE35}.Debug|Any CPU.Build.0 = Debug|Any CPU
		{2C5B0312-9861-4524-AF9F-B9FDAAB5DE35}.Debug|x64.ActiveCfg = Debug|Any CPU
		{2C5B0312-9861-4524-AF9F-B9FDAAB5DE35}.Debug|x64.Build.0 = Debug|Any CPU
		{2C5B0312-9861-4524-AF9F-B9FDAAB5DE35}.Debug|x86.ActiveCfg = Debug|Any CPU
		{2C5B0312-9861-4524-AF9F-B9FDAAB5DE35}.Debug|x86.Build.0 = Debug|Any CPU
		{2C5B0312-9861-4524-AF9F-B9FDAAB5DE35}.Release|Any CPU.ActiveCfg = Release|Any CPU
		{2C5B0312-9861-4524-AF9F-B9FDAAB5DE35}.Release|Any CPU.Build.0 = Release|Any CPU
		{2C5B0312-9861-4524-AF9F-B9FDAAB5DE35}.Release|x64.ActiveCfg = Release|Any CPU
		{2C5B0312-9861-4524-AF9F-B9FDAAB5DE35}.Release|x64.Build.0 = Release|Any CPU
		{2C5B0312-9861-4524-AF9F-B9FDAAB5DE35}.Release|x86.ActiveCfg = Release|Any CPU
		{2C5B0312-9861-4524-AF9F-B9FDAAB5DE35}.Release|x86.Build.0 = Release|Any CPU
		{B580FB2D-C86D-4983-B768-67F780AB4A69}.Debug|Any CPU.ActiveCfg = Debug|Any CPU
		{B580FB2D-C86D-4983-B768-67F780AB4A69}.Debug|Any CPU.Build.0 = Debug|Any CPU
		{B580FB2D-C86D-4983-B768-67F780AB4A69}.Debug|x64.ActiveCfg = Debug|Any CPU
		{B580FB2D-C86D-4983-B768-67F780AB4A69}.Debug|x64.Build.0 = Debug|Any CPU
		{B580FB2D-C86D-4983-B768-67F780AB4A69}.Debug|x86.ActiveCfg = Debug|Any CPU
		{B580FB2D-C86D-4983-B768-67F780AB4A69}.Debug|x86.Build.0 = Debug|Any CPU
		{B580FB2D-C86D-4983-B768-67F780AB4A69}.Release|Any CPU.ActiveCfg = Release|Any CPU
		{B580FB2D-C86D-4983-B768-67F780AB4A69}.Release|Any CPU.Build.0 = Release|Any CPU
		{B580FB2D-C86D-4983-B768-67F780AB4A69}.Release|x64.ActiveCfg = Release|Any CPU
		{B580FB2D-C86D-4983-B768-67F780AB4A69}.Release|x64.Build.0 = Release|Any CPU
		{B580FB2D-C86D-4983-B768-67F780AB4A69}.Release|x86.ActiveCfg = Release|Any CPU
		{B580FB2D-C86D-4983-B768-67F780AB4A69}.Release|x86.Build.0 = Release|Any CPU
		{4989A818-4DB6-454C-9C61-A2D14A44502D}.Debug|Any CPU.ActiveCfg = Debug|Any CPU
		{4989A818-4DB6-454C-9C61-A2D14A44502D}.Debug|Any CPU.Build.0 = Debug|Any CPU
		{4989A818-4DB6-454C-9C61-A2D14A44502D}.Debug|x64.ActiveCfg = Debug|Any CPU
		{4989A818-4DB6-454C-9C61-A2D14A44502D}.Debug|x64.Build.0 = Debug|Any CPU
		{4989A818-4DB6-454C-9C61-A2D14A44502D}.Debug|x86.ActiveCfg = Debug|Any CPU
		{4989A818-4DB6-454C-9C61-A2D14A44502D}.Debug|x86.Build.0 = Debug|Any CPU
		{4989A818-4DB6-454C-9C61-A2D14A44502D}.Release|Any CPU.ActiveCfg = Release|Any CPU
		{4989A818-4DB6-454C-9C61-A2D14A44502D}.Release|Any CPU.Build.0 = Release|Any CPU
		{4989A818-4DB6-454C-9C61-A2D14A44502D}.Release|x64.ActiveCfg = Release|Any CPU
		{4989A818-4DB6-454C-9C61-A2D14A44502D}.Release|x64.Build.0 = Release|Any CPU
		{4989A818-4DB6-454C-9C61-A2D14A44502D}.Release|x86.ActiveCfg = Release|Any CPU
		{4989A818-4DB6-454C-9C61-A2D14A44502D}.Release|x86.Build.0 = Release|Any CPU
		{C7BE000B-2CB0-409E-BF92-FBB86DFEA1DB}.Debug|Any CPU.ActiveCfg = Debug|Any CPU
		{C7BE000B-2CB0-409E-BF92-FBB86DFEA1DB}.Debug|Any CPU.Build.0 = Debug|Any CPU
		{C7BE000B-2CB0-409E-BF92-FBB86DFEA1DB}.Debug|x64.ActiveCfg = Debug|Any CPU
		{C7BE000B-2CB0-409E-BF92-FBB86DFEA1DB}.Debug|x64.Build.0 = Debug|Any CPU
		{C7BE000B-2CB0-409E-BF92-FBB86DFEA1DB}.Debug|x86.ActiveCfg = Debug|Any CPU
		{C7BE000B-2CB0-409E-BF92-FBB86DFEA1DB}.Debug|x86.Build.0 = Debug|Any CPU
		{C7BE000B-2CB0-409E-BF92-FBB86DFEA1DB}.Release|Any CPU.ActiveCfg = Release|Any CPU
		{C7BE000B-2CB0-409E-BF92-FBB86DFEA1DB}.Release|Any CPU.Build.0 = Release|Any CPU
		{C7BE000B-2CB0-409E-BF92-FBB86DFEA1DB}.Release|x64.ActiveCfg = Release|Any CPU
		{C7BE000B-2CB0-409E-BF92-FBB86DFEA1DB}.Release|x64.Build.0 = Release|Any CPU
		{C7BE000B-2CB0-409E-BF92-FBB86DFEA1DB}.Release|x86.ActiveCfg = Release|Any CPU
		{C7BE000B-2CB0-409E-BF92-FBB86DFEA1DB}.Release|x86.Build.0 = Release|Any CPU
		{2F9EB557-D9BD-45CB-A1EE-FAA005842340}.Debug|Any CPU.ActiveCfg = Debug|Any CPU
		{2F9EB557-D9BD-45CB-A1EE-FAA005842340}.Debug|Any CPU.Build.0 = Debug|Any CPU
		{2F9EB557-D9BD-45CB-A1EE-FAA005842340}.Debug|x64.ActiveCfg = Debug|Any CPU
		{2F9EB557-D9BD-45CB-A1EE-FAA005842340}.Debug|x64.Build.0 = Debug|Any CPU
		{2F9EB557-D9BD-45CB-A1EE-FAA005842340}.Debug|x86.ActiveCfg = Debug|Any CPU
		{2F9EB557-D9BD-45CB-A1EE-FAA005842340}.Debug|x86.Build.0 = Debug|Any CPU
		{2F9EB557-D9BD-45CB-A1EE-FAA005842340}.Release|Any CPU.ActiveCfg = Release|Any CPU
		{2F9EB557-D9BD-45CB-A1EE-FAA005842340}.Release|Any CPU.Build.0 = Release|Any CPU
		{2F9EB557-D9BD-45CB-A1EE-FAA005842340}.Release|x64.ActiveCfg = Release|Any CPU
		{2F9EB557-D9BD-45CB-A1EE-FAA005842340}.Release|x64.Build.0 = Release|Any CPU
		{2F9EB557-D9BD-45CB-A1EE-FAA005842340}.Release|x86.ActiveCfg = Release|Any CPU
		{2F9EB557-D9BD-45CB-A1EE-FAA005842340}.Release|x86.Build.0 = Release|Any CPU
		{CCBBFBD5-A61D-40BE-972A-70D8295DC332}.Debug|Any CPU.ActiveCfg = Debug|Any CPU
		{CCBBFBD5-A61D-40BE-972A-70D8295DC332}.Debug|Any CPU.Build.0 = Debug|Any CPU
		{CCBBFBD5-A61D-40BE-972A-70D8295DC332}.Debug|x64.ActiveCfg = Debug|Any CPU
		{CCBBFBD5-A61D-40BE-972A-70D8295DC332}.Debug|x64.Build.0 = Debug|Any CPU
		{CCBBFBD5-A61D-40BE-972A-70D8295DC332}.Debug|x86.ActiveCfg = Debug|Any CPU
		{CCBBFBD5-A61D-40BE-972A-70D8295DC332}.Debug|x86.Build.0 = Debug|Any CPU
		{CCBBFBD5-A61D-40BE-972A-70D8295DC332}.Release|Any CPU.ActiveCfg = Release|Any CPU
		{CCBBFBD5-A61D-40BE-972A-70D8295DC332}.Release|Any CPU.Build.0 = Release|Any CPU
		{CCBBFBD5-A61D-40BE-972A-70D8295DC332}.Release|x64.ActiveCfg = Release|Any CPU
		{CCBBFBD5-A61D-40BE-972A-70D8295DC332}.Release|x64.Build.0 = Release|Any CPU
		{CCBBFBD5-A61D-40BE-972A-70D8295DC332}.Release|x86.ActiveCfg = Release|Any CPU
		{CCBBFBD5-A61D-40BE-972A-70D8295DC332}.Release|x86.Build.0 = Release|Any CPU
	EndGlobalSection
	GlobalSection(SolutionProperties) = preSolution
		HideSolutionNode = FALSE
	EndGlobalSection
	GlobalSection(NestedProjects) = preSolution
		{D57E7D67-D468-4200-94E8-FAD993B52929} = {0FC2DCFB-B735-4722-BE6C-AB51EA942471}
		{98C5B189-51F9-420F-B176-D7467F6ACDE9} = {0FC2DCFB-B735-4722-BE6C-AB51EA942471}
		{3237F655-E35E-4D48-B658-6C5E4A020C3D} = {0FC2DCFB-B735-4722-BE6C-AB51EA942471}
		{4C8645E8-C3DD-4980-95E5-061C44171643} = {0FC2DCFB-B735-4722-BE6C-AB51EA942471}
		{B713D5E9-6469-4039-8725-689F0614C6EF} = {0FC2DCFB-B735-4722-BE6C-AB51EA942471}
		{32245E5D-2356-42C8-8284-54501AD4ADC7} = {ED96308E-DEF4-4EAC-9912-C5FA1CE88F81}
		{904990D7-A3F8-4A18-8814-9A1FDAA4A8E0} = {ED96308E-DEF4-4EAC-9912-C5FA1CE88F81}
		{FD7470D8-059E-4933-8F8D-A94ED829FC7D} = {ED96308E-DEF4-4EAC-9912-C5FA1CE88F81}
		{158513F1-1A1E-460D-A973-2FBE2294FF80} = {ED96308E-DEF4-4EAC-9912-C5FA1CE88F81}
		{2C5B0312-9861-4524-AF9F-B9FDAAB5DE35} = {0FC2DCFB-B735-4722-BE6C-AB51EA942471}
		{B580FB2D-C86D-4983-B768-67F780AB4A69} = {0FC2DCFB-B735-4722-BE6C-AB51EA942471}
		{4989A818-4DB6-454C-9C61-A2D14A44502D} = {ED96308E-DEF4-4EAC-9912-C5FA1CE88F81}
		{C7BE000B-2CB0-409E-BF92-FBB86DFEA1DB} = {0FC2DCFB-B735-4722-BE6C-AB51EA942471}
		{2F9EB557-D9BD-45CB-A1EE-FAA005842340} = {ED96308E-DEF4-4EAC-9912-C5FA1CE88F81}
		{CCBBFBD5-A61D-40BE-972A-70D8295DC332} = {0FC2DCFB-B735-4722-BE6C-AB51EA942471}
	EndGlobalSection
EndGlobal
